
Microsoft Visual Studio Solution File, Format Version 12.00
Project("{2150E333-8FDC-42A3-9474-1A3956D46DE8}") = "src", "src", "{4ED453DB-47D1-454C-AEB8-4AA64CCAF258}"
EndProject
Project("{FAE04EC0-301F-11D3-BF4B-00C04F79EFBC}") = "Presentation", "Presentation\Presentation.csproj", "{6399F18E-5BD3-4745-B3ED-D0E74C636E0D}"
EndProject
Project("{FAE04EC0-301F-11D3-BF4B-00C04F79EFBC}") = "Infrastructure", "Infrastructure\Infrastructure.csproj", "{EADAEFBB-3E5C-48A0-824F-4350206B20CF}"
EndProject
Project("{FAE04EC0-301F-11D3-BF4B-00C04F79EFBC}") = "Application", "Application\Application.csproj", "{5B8AE371-3D26-4C46-A3E0-C8399BA66F5E}"
EndProject
Project("{2150E333-8FDC-42A3-9474-1A3956D46DE8}") = "test", "test", "{532A3D60-03FD-4F56-9ABF-076EB1DE73E4}"
EndProject
Project("{FAE04EC0-301F-11D3-BF4B-00C04F79EFBC}") = "Test", "Test\Test.csproj", "{7C3BE0D7-F903-46AA-A369-10177CB06DFA}"
EndProject
Global
	GlobalSection(SolutionConfigurationPlatforms) = preSolution
		Debug|Any CPU = Debug|Any CPU
		Release|Any CPU = Release|Any CPU
	EndGlobalSection
	GlobalSection(NestedProjects) = preSolution
		{6399F18E-5BD3-4745-B3ED-D0E74C636E0D} = {4ED453DB-47D1-454C-AEB8-4AA64CCAF258}
		{EADAEFBB-3E5C-48A0-824F-4350206B20CF} = {4ED453DB-47D1-454C-AEB8-4AA64CCAF258}
		{5B8AE371-3D26-4C46-A3E0-C8399BA66F5E} = {4ED453DB-47D1-454C-AEB8-4AA64CCAF258}
		{7C3BE0D7-F903-46AA-A369-10177CB06DFA} = {532A3D60-03FD-4F56-9ABF-076EB1DE73E4}
	EndGlobalSection
	GlobalSection(ProjectConfigurationPlatforms) = postSolution
		{6399F18E-5BD3-4745-B3ED-D0E74C636E0D}.Debug|Any CPU.ActiveCfg = Debug|Any CPU
		{6399F18E-5BD3-4745-B3ED-D0E74C636E0D}.Debug|Any CPU.Build.0 = Debug|Any CPU
		{6399F18E-5BD3-4745-B3ED-D0E74C636E0D}.Release|Any CPU.ActiveCfg = Release|Any CPU
		{6399F18E-5BD3-4745-B3ED-D0E74C636E0D}.Release|Any CPU.Build.0 = Release|Any CPU
		{EADAEFBB-3E5C-48A0-824F-4350206B20CF}.Debug|Any CPU.ActiveCfg = Debug|Any CPU
		{EADAEFBB-3E5C-48A0-824F-4350206B20CF}.Debug|Any CPU.Build.0 = Debug|Any CPU
		{EADAEFBB-3E5C-48A0-824F-4350206B20CF}.Release|Any CPU.ActiveCfg = Release|Any CPU
		{EADAEFBB-3E5C-48A0-824F-4350206B20CF}.Release|Any CPU.Build.0 = Release|Any CPU
		{5B8AE371-3D26-4C46-A3E0-C8399BA66F5E}.Debug|Any CPU.ActiveCfg = Debug|Any CPU
		{5B8AE371-3D26-4C46-A3E0-C8399BA66F5E}.Debug|Any CPU.Build.0 = Debug|Any CPU
		{5B8AE371-3D26-4C46-A3E0-C8399BA66F5E}.Release|Any CPU.ActiveCfg = Release|Any CPU
		{5B8AE371-3D26-4C46-A3E0-C8399BA66F5E}.Release|Any CPU.Build.0 = Release|Any CPU
		{7C3BE0D7-F903-46AA-A369-10177CB06DFA}.Debug|Any CPU.ActiveCfg = Debug|Any CPU
		{7C3BE0D7-F903-46AA-A369-10177CB06DFA}.Debug|Any CPU.Build.0 = Debug|Any CPU
		{7C3BE0D7-F903-46AA-A369-10177CB06DFA}.Release|Any CPU.ActiveCfg = Release|Any CPU
		{7C3BE0D7-F903-46AA-A369-10177CB06DFA}.Release|Any CPU.Build.0 = Release|Any CPU
	EndGlobalSection
EndGlobal
